
Microsoft Visual Studio Solution File, Format Version 12.00
# Visual Studio 15
VisualStudioVersion = 15.0.26124.0
MinimumVisualStudioVersion = 15.0.26124.0
Project("{FAE04EC0-301F-11D3-BF4B-00C04F79EFBC}") = "Domain", "Domain\Domain.csproj", "{555BC3B6-7B2E-42C0-AD77-CA08324DE9D8}"
EndProject
Project("{FAE04EC0-301F-11D3-BF4B-00C04F79EFBC}") = "Application", "Application\Application.csproj", "{CD5E7EDF-B9BB-4DEA-81D3-BA18A7E86445}"
EndProject
Project("{FAE04EC0-301F-11D3-BF4B-00C04F79EFBC}") = "Persistence", "Persistence\Persistence.csproj", "{8BD5EB2E-526D-47FB-930A-A64C1D386BAA}"
EndProject
Project("{FAE04EC0-301F-11D3-BF4B-00C04F79EFBC}") = "API", "API\API.csproj", "{77746869-FE3F-4530-85DB-2380C3740A28}"
EndProject
Global
	GlobalSection(SolutionConfigurationPlatforms) = preSolution
		Debug|Any CPU = Debug|Any CPU
		Debug|x64 = Debug|x64
		Debug|x86 = Debug|x86
		Release|Any CPU = Release|Any CPU
		Release|x64 = Release|x64
		Release|x86 = Release|x86
	EndGlobalSection
	GlobalSection(SolutionProperties) = preSolution
		HideSolutionNode = FALSE
	EndGlobalSection
	GlobalSection(ProjectConfigurationPlatforms) = postSolution
		{555BC3B6-7B2E-42C0-AD77-CA08324DE9D8}.Debug|Any CPU.ActiveCfg = Debug|Any CPU
		{555BC3B6-7B2E-42C0-AD77-CA08324DE9D8}.Debug|Any CPU.Build.0 = Debug|Any CPU
		{555BC3B6-7B2E-42C0-AD77-CA08324DE9D8}.Debug|x64.ActiveCfg = Debug|Any CPU
		{555BC3B6-7B2E-42C0-AD77-CA08324DE9D8}.Debug|x64.Build.0 = Debug|Any CPU
		{555BC3B6-7B2E-42C0-AD77-CA08324DE9D8}.Debug|x86.ActiveCfg = Debug|Any CPU
		{555BC3B6-7B2E-42C0-AD77-CA08324DE9D8}.Debug|x86.Build.0 = Debug|Any CPU
		{555BC3B6-7B2E-42C0-AD77-CA08324DE9D8}.Release|Any CPU.ActiveCfg = Release|Any CPU
		{555BC3B6-7B2E-42C0-AD77-CA08324DE9D8}.Release|Any CPU.Build.0 = Release|Any CPU
		{555BC3B6-7B2E-42C0-AD77-CA08324DE9D8}.Release|x64.ActiveCfg = Release|Any CPU
		{555BC3B6-7B2E-42C0-AD77-CA08324DE9D8}.Release|x64.Build.0 = Release|Any CPU
		{555BC3B6-7B2E-42C0-AD77-CA08324DE9D8}.Release|x86.ActiveCfg = Release|Any CPU
		{555BC3B6-7B2E-42C0-AD77-CA08324DE9D8}.Release|x86.Build.0 = Release|Any CPU
		{CD5E7EDF-B9BB-4DEA-81D3-BA18A7E86445}.Debug|Any CPU.ActiveCfg = Debug|Any CPU
		{CD5E7EDF-B9BB-4DEA-81D3-BA18A7E86445}.Debug|Any CPU.Build.0 = Debug|Any CPU
		{CD5E7EDF-B9BB-4DEA-81D3-BA18A7E86445}.Debug|x64.ActiveCfg = Debug|Any CPU
		{CD5E7EDF-B9BB-4DEA-81D3-BA18A7E86445}.Debug|x64.Build.0 = Debug|Any CPU
		{CD5E7EDF-B9BB-4DEA-81D3-BA18A7E86445}.Debug|x86.ActiveCfg = Debug|Any CPU
		{CD5E7EDF-B9BB-4DEA-81D3-BA18A7E86445}.Debug|x86.Build.0 = Debug|Any CPU
		{CD5E7EDF-B9BB-4DEA-81D3-BA18A7E86445}.Release|Any CPU.ActiveCfg = Release|Any CPU
		{CD5E7EDF-B9BB-4DEA-81D3-BA18A7E86445}.Release|Any CPU.Build.0 = Release|Any CPU
		{CD5E7EDF-B9BB-4DEA-81D3-BA18A7E86445}.Release|x64.ActiveCfg = Release|Any CPU
		{CD5E7EDF-B9BB-4DEA-81D3-BA18A7E86445}.Release|x64.Build.0 = Release|Any CPU
		{CD5E7EDF-B9BB-4DEA-81D3-BA18A7E86445}.Release|x86.ActiveCfg = Release|Any CPU
		{CD5E7EDF-B9BB-4DEA-81D3-BA18A7E86445}.Release|x86.Build.0 = Release|Any CPU
		{8BD5EB2E-526D-47FB-930A-A64C1D386BAA}.Debug|Any CPU.ActiveCfg = Debug|Any CPU
		{8BD5EB2E-526D-47FB-930A-A64C1D386BAA}.Debug|Any CPU.Build.0 = Debug|Any CPU
		{8BD5EB2E-526D-47FB-930A-A64C1D386BAA}.Debug|x64.ActiveCfg = Debug|Any CPU
		{8BD5EB2E-526D-47FB-930A-A64C1D386BAA}.Debug|x64.Build.0 = Debug|Any CPU
		{8BD5EB2E-526D-47FB-930A-A64C1D386BAA}.Debug|x86.ActiveCfg = Debug|Any CPU
		{8BD5EB2E-526D-47FB-930A-A64C1D386BAA}.Debug|x86.Build.0 = Debug|Any CPU
		{8BD5EB2E-526D-47FB-930A-A64C1D386BAA}.Release|Any CPU.ActiveCfg = Release|Any CPU
		{8BD5EB2E-526D-47FB-930A-A64C1D386BAA}.Release|Any CPU.Build.0 = Release|Any CPU
		{8BD5EB2E-526D-47FB-930A-A64C1D386BAA}.Release|x64.ActiveCfg = Release|Any CPU
		{8BD5EB2E-526D-47FB-930A-A64C1D386BAA}.Release|x64.Build.0 = Release|Any CPU
		{8BD5EB2E-526D-47FB-930A-A64C1D386BAA}.Release|x86.ActiveCfg = Release|Any CPU
		{8BD5EB2E-526D-47FB-930A-A64C1D386BAA}.Release|x86.Build.0 = Release|Any CPU
		{77746869-FE3F-4530-85DB-2380C3740A28}.Debug|Any CPU.ActiveCfg = Debug|Any CPU
		{77746869-FE3F-4530-85DB-2380C3740A28}.Debug|Any CPU.Build.0 = Debug|Any CPU
		{77746869-FE3F-4530-85DB-2380C3740A28}.Debug|x64.ActiveCfg = Debug|Any CPU
		{77746869-FE3F-4530-85DB-2380C3740A28}.Debug|x64.Build.0 = Debug|Any CPU
		{77746869-FE3F-4530-85DB-2380C3740A28}.Debug|x86.ActiveCfg = Debug|Any CPU
		{77746869-FE3F-4530-85DB-2380C3740A28}.Debug|x86.Build.0 = Debug|Any CPU
		{77746869-FE3F-4530-85DB-2380C3740A28}.Release|Any CPU.ActiveCfg = Release|Any CPU
		{77746869-FE3F-4530-85DB-2380C3740A28}.Release|Any CPU.Build.0 = Release|Any CPU
		{77746869-FE3F-4530-85DB-2380C3740A28}.Release|x64.ActiveCfg = Release|Any CPU
		{77746869-FE3F-4530-85DB-2380C3740A28}.Release|x64.Build.0 = Release|Any CPU
		{77746869-FE3F-4530-85DB-2380C3740A28}.Release|x86.ActiveCfg = Release|Any CPU
		{77746869-FE3F-4530-85DB-2380C3740A28}.Release|x86.Build.0 = Release|Any CPU
	EndGlobalSection
EndGlobal
